
Microsoft Visual Studio Solution File, Format Version 12.00
# Visual Studio Version 16
VisualStudioVersion = 16.0.30717.126
MinimumVisualStudioVersion = 10.0.40219.1
Project("{FAE04EC0-301F-11D3-BF4B-00C04F79EFBC}") = "MergeSort2", "MergeSort2\MergeSort2.csproj", "{AD494F54-0180-4C7B-ABEA-D17CBC4AF481}"
EndProject
Global
	GlobalSection(SolutionConfigurationPlatforms) = preSolution
		Debug|Any CPU = Debug|Any CPU
		Release|Any CPU = Release|Any CPU
	EndGlobalSection
	GlobalSection(ProjectConfigurationPlatforms) = postSolution
		{AD494F54-0180-4C7B-ABEA-D17CBC4AF481}.Debug|Any CPU.ActiveCfg = Debug|Any CPU
		{AD494F54-0180-4C7B-ABEA-D17CBC4AF481}.Debug|Any CPU.Build.0 = Debug|Any CPU
		{AD494F54-0180-4C7B-ABEA-D17CBC4AF481}.Release|Any CPU.ActiveCfg = Release|Any CPU
		{AD494F54-0180-4C7B-ABEA-D17CBC4AF481}.Release|Any CPU.Build.0 = Release|Any CPU
	EndGlobalSection
	GlobalSection(SolutionProperties) = preSolution
		HideSolutionNode = FALSE
	EndGlobalSection
	GlobalSection(ExtensibilityGlobals) = postSolution
		SolutionGuid = {78A5A2FC-64A5-4533-9A41-A6C94470F880}
	EndGlobalSection
EndGlobal
